
Microsoft Visual Studio Solution File, Format Version 12.00
# Visual Studio Version 17
VisualStudioVersion = 17.5.33627.172
MinimumVisualStudioVersion = 10.0.40219.1
Project("{FAE04EC0-301F-11D3-BF4B-00C04F79EFBC}") = "BTVN_LeVanTuan", "BTVN_LeVanTuan\BTVN_LeVanTuan.csproj", "{9E190520-878D-4D18-B221-895B8BF2F269}"
EndProject
Global
	GlobalSection(SolutionConfigurationPlatforms) = preSolution
		Debug|Any CPU = Debug|Any CPU
		Release|Any CPU = Release|Any CPU
	EndGlobalSection
	GlobalSection(ProjectConfigurationPlatforms) = postSolution
		{9E190520-878D-4D18-B221-895B8BF2F269}.Debug|Any CPU.ActiveCfg = Debug|Any CPU
		{9E190520-878D-4D18-B221-895B8BF2F269}.Debug|Any CPU.Build.0 = Debug|Any CPU
		{9E190520-878D-4D18-B221-895B8BF2F269}.Release|Any CPU.ActiveCfg = Release|Any CPU
		{9E190520-878D-4D18-B221-895B8BF2F269}.Release|Any CPU.Build.0 = Release|Any CPU
	EndGlobalSection
	GlobalSection(SolutionProperties) = preSolution
		HideSolutionNode = FALSE
	EndGlobalSection
	GlobalSection(ExtensibilityGlobals) = postSolution
		SolutionGuid = {2D1C72C7-08B0-484C-AEF6-DBE4DF1705AA}
	EndGlobalSection
EndGlobal
